// !$*UTF8*$!
{
	archiveVersion = 1;
	classes = {
	};
	objectVersion = 48;
	objects = {

/* Begin PBXBuildFile section */
		2C694E1E201AF98E000A08C8 /* HNWebViewController.m in Sources */ = {isa = PBXBuildFile; fileRef = 2C694E1D201AF98E000A08C8 /* HNWebViewController.m */; };
		2CB275B9201A4FBF0033BD8C /* HNBaseViewController.m in Sources */ = {isa = PBXBuildFile; fileRef = 2CB275B8201A4FBF0033BD8C /* HNBaseViewController.m */; };
		2CB275BD201A550F0033BD8C /* HNUtility.m in Sources */ = {isa = PBXBuildFile; fileRef = 2CB275BC201A550F0033BD8C /* HNUtility.m */; };
		2CB275C3201A59DE0033BD8C /* HNProfileViewController.m in Sources */ = {isa = PBXBuildFile; fileRef = 2CB275C2201A59DE0033BD8C /* HNProfileViewController.m */; };
		2CB275C7201A5A080033BD8C /* HNNotificationViewController.m in Sources */ = {isa = PBXBuildFile; fileRef = 2CB275C6201A5A080033BD8C /* HNNotificationViewController.m */; };
		2CB275CB201A5A410033BD8C /* HNContactUSViewController.m in Sources */ = {isa = PBXBuildFile; fileRef = 2CB275CA201A5A410033BD8C /* HNContactUSViewController.m */; };
		AC4F3A4F2017AF2800965050 /* AppDelegate.m in Sources */ = {isa = PBXBuildFile; fileRef = AC4F3A4E2017AF2800965050 /* AppDelegate.m */; };
		AC4F3A522017AF2800965050 /* ViewController.m in Sources */ = {isa = PBXBuildFile; fileRef = AC4F3A512017AF2800965050 /* ViewController.m */; };
		AC4F3A552017AF2800965050 /* Main.storyboard in Resources */ = {isa = PBXBuildFile; fileRef = AC4F3A532017AF2800965050 /* Main.storyboard */; };
		AC4F3A572017AF2800965050 /* Assets.xcassets in Resources */ = {isa = PBXBuildFile; fileRef = AC4F3A562017AF2800965050 /* Assets.xcassets */; };
		AC4F3A5A2017AF2800965050 /* LaunchScreen.storyboard in Resources */ = {isa = PBXBuildFile; fileRef = AC4F3A582017AF2800965050 /* LaunchScreen.storyboard */; };
		AC4F3A5D2017AF2800965050 /* main.m in Sources */ = {isa = PBXBuildFile; fileRef = AC4F3A5C2017AF2800965050 /* main.m */; };
		AC4F3A742019092B00965050 /* HanlinAssets.xcassets in Resources */ = {isa = PBXBuildFile; fileRef = AC4F3A732019092B00965050 /* HanlinAssets.xcassets */; };
/* End PBXBuildFile section */

/* Begin PBXFileReference section */
		2C694E1C201AF98E000A08C8 /* HNWebViewController.h */ = {isa = PBXFileReference; lastKnownFileType = sourcecode.c.h; path = HNWebViewController.h; sourceTree = "<group>"; };
		2C694E1D201AF98E000A08C8 /* HNWebViewController.m */ = {isa = PBXFileReference; lastKnownFileType = sourcecode.c.objc; path = HNWebViewController.m; sourceTree = "<group>"; };
		2CB275AE201A4F410033BD8C /* Montserrat-Hairline.otf */ = {isa = PBXFileReference; lastKnownFileType = file; path = "Montserrat-Hairline.otf"; sourceTree = "<group>"; };
		2CB275AF201A4F410033BD8C /* Montserrat-Light.otf */ = {isa = PBXFileReference; lastKnownFileType = file; path = "Montserrat-Light.otf"; sourceTree = "<group>"; };
		2CB275B0201A4F410033BD8C /* Montserrat-Regular.otf */ = {isa = PBXFileReference; lastKnownFileType = file; path = "Montserrat-Regular.otf"; sourceTree = "<group>"; };
		2CB275B1201A4F410033BD8C /* Montserrat-UltraLight.otf */ = {isa = PBXFileReference; lastKnownFileType = file; path = "Montserrat-UltraLight.otf"; sourceTree = "<group>"; };
		2CB275B2201A4F410033BD8C /* Montserrat-Black.otf */ = {isa = PBXFileReference; lastKnownFileType = file; path = "Montserrat-Black.otf"; sourceTree = "<group>"; };
		2CB275B3201A4F420033BD8C /* Montserrat-Bold.otf */ = {isa = PBXFileReference; lastKnownFileType = file; path = "Montserrat-Bold.otf"; sourceTree = "<group>"; };
		2CB275B4201A4F420033BD8C /* Montserrat-SemiBold.otf */ = {isa = PBXFileReference; lastKnownFileType = file; path = "Montserrat-SemiBold.otf"; sourceTree = "<group>"; };
		2CB275B5201A4F420033BD8C /* Montserrat-ExtraBold.otf */ = {isa = PBXFileReference; lastKnownFileType = file; path = "Montserrat-ExtraBold.otf"; sourceTree = "<group>"; };
		2CB275B7201A4FBF0033BD8C /* HNBaseViewController.h */ = {isa = PBXFileReference; lastKnownFileType = sourcecode.c.h; path = HNBaseViewController.h; sourceTree = "<group>"; };
		2CB275B8201A4FBF0033BD8C /* HNBaseViewController.m */ = {isa = PBXFileReference; lastKnownFileType = sourcecode.c.objc; path = HNBaseViewController.m; sourceTree = "<group>"; };
		2CB275BB201A550F0033BD8C /* HNUtility.h */ = {isa = PBXFileReference; lastKnownFileType = sourcecode.c.h; path = HNUtility.h; sourceTree = "<group>"; };
		2CB275BC201A550F0033BD8C /* HNUtility.m */ = {isa = PBXFileReference; lastKnownFileType = sourcecode.c.objc; path = HNUtility.m; sourceTree = "<group>"; };
		2CB275BF201A58FC0033BD8C /* HNConstants.h */ = {isa = PBXFileReference; lastKnownFileType = sourcecode.c.h; path = HNConstants.h; sourceTree = "<group>"; };
		2CB275C1201A59DE0033BD8C /* HNProfileViewController.h */ = {isa = PBXFileReference; lastKnownFileType = sourcecode.c.h; path = HNProfileViewController.h; sourceTree = "<group>"; };
		2CB275C2201A59DE0033BD8C /* HNProfileViewController.m */ = {isa = PBXFileReference; lastKnownFileType = sourcecode.c.objc; path = HNProfileViewController.m; sourceTree = "<group>"; };
		2CB275C5201A5A080033BD8C /* HNNotificationViewController.h */ = {isa = PBXFileReference; lastKnownFileType = sourcecode.c.h; path = HNNotificationViewController.h; sourceTree = "<group>"; };
		2CB275C6201A5A080033BD8C /* HNNotificationViewController.m */ = {isa = PBXFileReference; lastKnownFileType = sourcecode.c.objc; path = HNNotificationViewController.m; sourceTree = "<group>"; };
		2CB275C9201A5A410033BD8C /* HNContactUSViewController.h */ = {isa = PBXFileReference; lastKnownFileType = sourcecode.c.h; path = HNContactUSViewController.h; sourceTree = "<group>"; };
		2CB275CA201A5A410033BD8C /* HNContactUSViewController.m */ = {isa = PBXFileReference; lastKnownFileType = sourcecode.c.objc; path = HNContactUSViewController.m; sourceTree = "<group>"; };
		AC4F3A4A2017AF2800965050 /* Hanlin.app */ = {isa = PBXFileReference; explicitFileType = wrapper.application; includeInIndex = 0; path = Hanlin.app; sourceTree = BUILT_PRODUCTS_DIR; };
		AC4F3A4D2017AF2800965050 /* AppDelegate.h */ = {isa = PBXFileReference; lastKnownFileType = sourcecode.c.h; path = AppDelegate.h; sourceTree = "<group>"; };
		AC4F3A4E2017AF2800965050 /* AppDelegate.m */ = {isa = PBXFileReference; lastKnownFileType = sourcecode.c.objc; path = AppDelegate.m; sourceTree = "<group>"; };
		AC4F3A502017AF2800965050 /* ViewController.h */ = {isa = PBXFileReference; lastKnownFileType = sourcecode.c.h; path = ViewController.h; sourceTree = "<group>"; };
		AC4F3A512017AF2800965050 /* ViewController.m */ = {isa = PBXFileReference; lastKnownFileType = sourcecode.c.objc; path = ViewController.m; sourceTree = "<group>"; };
		AC4F3A542017AF2800965050 /* Base */ = {isa = PBXFileReference; lastKnownFileType = file.storyboard; name = Base; path = Base.lproj/Main.storyboard; sourceTree = "<group>"; };
		AC4F3A562017AF2800965050 /* Assets.xcassets */ = {isa = PBXFileReference; lastKnownFileType = folder.assetcatalog; path = Assets.xcassets; sourceTree = "<group>"; };
		AC4F3A592017AF2800965050 /* Base */ = {isa = PBXFileReference; lastKnownFileType = file.storyboard; name = Base; path = Base.lproj/LaunchScreen.storyboard; sourceTree = "<group>"; };
		AC4F3A5B2017AF2800965050 /* Info.plist */ = {isa = PBXFileReference; lastKnownFileType = text.plist.xml; path = Info.plist; sourceTree = "<group>"; };
		AC4F3A5C2017AF2800965050 /* main.m */ = {isa = PBXFileReference; lastKnownFileType = sourcecode.c.objc; path = main.m; sourceTree = "<group>"; };
		AC4F3A732019092B00965050 /* HanlinAssets.xcassets */ = {isa = PBXFileReference; lastKnownFileType = folder.assetcatalog; path = HanlinAssets.xcassets; sourceTree = "<group>"; };
/* End PBXFileReference section */

/* Begin PBXFrameworksBuildPhase section */
		AC4F3A472017AF2800965050 /* Frameworks */ = {
			isa = PBXFrameworksBuildPhase;
			buildActionMask = 2147483647;
			files = (
			);
			runOnlyForDeploymentPostprocessing = 0;
		};
/* End PBXFrameworksBuildPhase section */

/* Begin PBXGroup section */
		2C694E1B201AF962000A08C8 /* HNWebViewController */ = {
			isa = PBXGroup;
			children = (
				2C694E1C201AF98E000A08C8 /* HNWebViewController.h */,
				2C694E1D201AF98E000A08C8 /* HNWebViewController.m */,
			);
			path = HNWebViewController;
			sourceTree = "<group>";
		};
		2CB275A7201A4DD00033BD8C /* AppDelegate */ = {
			isa = PBXGroup;
			children = (
				AC4F3A4D2017AF2800965050 /* AppDelegate.h */,
				AC4F3A4E2017AF2800965050 /* AppDelegate.m */,
			);
			path = AppDelegate;
			sourceTree = "<group>";
		};
		2CB275A8201A4E3D0033BD8C /* Resources */ = {
			isa = PBXGroup;
			children = (
				2CB275AD201A4EA70033BD8C /* Font */,
			);
			path = Resources;
			sourceTree = "<group>";
		};
		2CB275A9201A4E470033BD8C /* Model */ = {
			isa = PBXGroup;
			children = (
			);
			path = Model;
			sourceTree = "<group>";
		};
		2CB275AA201A4E510033BD8C /* Controller */ = {
			isa = PBXGroup;
			children = (
				AC4F3A502017AF2800965050 /* ViewController.h */,
				AC4F3A512017AF2800965050 /* ViewController.m */,
				2CB275B6201A4F8D0033BD8C /* HNBaseViewController */,
				2CB275C0201A59B40033BD8C /* HNProfileViewController */,
				2CB275C4201A59E50033BD8C /* HNNotificationViewController */,
				2CB275C8201A5A0F0033BD8C /* HNContactUSViewController */,
				2C694E1B201AF962000A08C8 /* HNWebViewController */,
			);
			path = Controller;
			sourceTree = "<group>";
		};
		2CB275AB201A4E620033BD8C /* View */ = {
			isa = PBXGroup;
			children = (
				AC4F3A582017AF2800965050 /* LaunchScreen.storyboard */,
				AC4F3A532017AF2800965050 /* Main.storyboard */,
			);
			path = View;
			sourceTree = "<group>";
		};
		2CB275AC201A4E840033BD8C /* Helper */ = {
			isa = PBXGroup;
			children = (
				2CB275BE201A589D0033BD8C /* HNConstants */,
				2CB275BA201A54EA0033BD8C /* HNUtility */,
			);
			path = Helper;
			sourceTree = "<group>";
		};
		2CB275AD201A4EA70033BD8C /* Font */ = {
			isa = PBXGroup;
			children = (
				2CB275B2201A4F410033BD8C /* Montserrat-Black.otf */,
				2CB275B3201A4F420033BD8C /* Montserrat-Bold.otf */,
				2CB275B5201A4F420033BD8C /* Montserrat-ExtraBold.otf */,
				2CB275AE201A4F410033BD8C /* Montserrat-Hairline.otf */,
				2CB275AF201A4F410033BD8C /* Montserrat-Light.otf */,
				2CB275B0201A4F410033BD8C /* Montserrat-Regular.otf */,
				2CB275B4201A4F420033BD8C /* Montserrat-SemiBold.otf */,
				2CB275B1201A4F410033BD8C /* Montserrat-UltraLight.otf */,
			);
			path = Font;
			sourceTree = "<group>";
		};
		2CB275B6201A4F8D0033BD8C /* HNBaseViewController */ = {
			isa = PBXGroup;
			children = (
				2CB275B7201A4FBF0033BD8C /* HNBaseViewController.h */,
				2CB275B8201A4FBF0033BD8C /* HNBaseViewController.m */,
			);
			path = HNBaseViewController;
			sourceTree = "<group>";
		};
		2CB275BA201A54EA0033BD8C /* HNUtility */ = {
			isa = PBXGroup;
			children = (
				2CB275BB201A550F0033BD8C /* HNUtility.h */,
				2CB275BC201A550F0033BD8C /* HNUtility.m */,
			);
			path = HNUtility;
			sourceTree = "<group>";
		};
		2CB275BE201A589D0033BD8C /* HNConstants */ = {
			isa = PBXGroup;
			children = (
				2CB275BF201A58FC0033BD8C /* HNConstants.h */,
			);
			path = HNConstants;
			sourceTree = "<group>";
		};
		2CB275C0201A59B40033BD8C /* HNProfileViewController */ = {
			isa = PBXGroup;
			children = (
				2CB275C1201A59DE0033BD8C /* HNProfileViewController.h */,
				2CB275C2201A59DE0033BD8C /* HNProfileViewController.m */,
			);
			path = HNProfileViewController;
			sourceTree = "<group>";
		};
		2CB275C4201A59E50033BD8C /* HNNotificationViewController */ = {
			isa = PBXGroup;
			children = (
				2CB275C5201A5A080033BD8C /* HNNotificationViewController.h */,
				2CB275C6201A5A080033BD8C /* HNNotificationViewController.m */,
			);
			path = HNNotificationViewController;
			sourceTree = "<group>";
		};
		2CB275C8201A5A0F0033BD8C /* HNContactUSViewController */ = {
			isa = PBXGroup;
			children = (
				2CB275C9201A5A410033BD8C /* HNContactUSViewController.h */,
				2CB275CA201A5A410033BD8C /* HNContactUSViewController.m */,
			);
			path = HNContactUSViewController;
			sourceTree = "<group>";
		};
		AC4F3A412017AF2800965050 = {
			isa = PBXGroup;
			children = (
				AC4F3A4C2017AF2800965050 /* Hanlin */,
				AC4F3A4B2017AF2800965050 /* Products */,
			);
			sourceTree = "<group>";
		};
		AC4F3A4B2017AF2800965050 /* Products */ = {
			isa = PBXGroup;
			children = (
				AC4F3A4A2017AF2800965050 /* Hanlin.app */,
			);
			name = Products;
			sourceTree = "<group>";
		};
		AC4F3A4C2017AF2800965050 /* Hanlin */ = {
			isa = PBXGroup;
			children = (
				2CB275A7201A4DD00033BD8C /* AppDelegate */,
				2CB275AA201A4E510033BD8C /* Controller */,
				2CB275A9201A4E470033BD8C /* Model */,
				2CB275AB201A4E620033BD8C /* View */,
				2CB275AC201A4E840033BD8C /* Helper */,
				2CB275A8201A4E3D0033BD8C /* Resources */,
				AC4F3A732019092B00965050 /* HanlinAssets.xcassets */,
				AC4F3A562017AF2800965050 /* Assets.xcassets */,
				AC4F3A5B2017AF2800965050 /* Info.plist */,
				AC4F3A5C2017AF2800965050 /* main.m */,
			);
			path = Hanlin;
			sourceTree = "<group>";
		};
/* End PBXGroup section */

/* Begin PBXNativeTarget section */
		AC4F3A492017AF2800965050 /* Hanlin */ = {
			isa = PBXNativeTarget;
			buildConfigurationList = AC4F3A602017AF2800965050 /* Build configuration list for PBXNativeTarget "Hanlin" */;
			buildPhases = (
				AC4F3A462017AF2800965050 /* Sources */,
				AC4F3A472017AF2800965050 /* Frameworks */,
				AC4F3A482017AF2800965050 /* Resources */,
			);
			buildRules = (
			);
			dependencies = (
			);
			name = Hanlin;
			productName = Hanlin;
			productReference = AC4F3A4A2017AF2800965050 /* Hanlin.app */;
			productType = "com.apple.product-type.application";
		};
/* End PBXNativeTarget section */

/* Begin PBXProject section */
		AC4F3A422017AF2800965050 /* Project object */ = {
			isa = PBXProject;
			attributes = {
				LastUpgradeCheck = 0920;
				ORGANIZATIONNAME = "Balachandran Kaliyamoorthy";
				TargetAttributes = {
					AC4F3A492017AF2800965050 = {
						CreatedOnToolsVersion = 9.2;
						ProvisioningStyle = Automatic;
					};
				};
			};
			buildConfigurationList = AC4F3A452017AF2800965050 /* Build configuration list for PBXProject "Hanlin" */;
			compatibilityVersion = "Xcode 8.0";
			developmentRegion = en;
			hasScannedForEncodings = 0;
			knownRegions = (
				en,
				Base,
			);
			mainGroup = AC4F3A412017AF2800965050;
			productRefGroup = AC4F3A4B2017AF2800965050 /* Products */;
			projectDirPath = "";
			projectRoot = "";
			targets = (
				AC4F3A492017AF2800965050 /* Hanlin */,
			);
		};
/* End PBXProject section */

/* Begin PBXResourcesBuildPhase section */
		AC4F3A482017AF2800965050 /* Resources */ = {
			isa = PBXResourcesBuildPhase;
			buildActionMask = 2147483647;
			files = (
				AC4F3A5A2017AF2800965050 /* LaunchScreen.storyboard in Resources */,
				AC4F3A572017AF2800965050 /* Assets.xcassets in Resources */,
				AC4F3A742019092B00965050 /* HanlinAssets.xcassets in Resources */,
				AC4F3A552017AF2800965050 /* Main.storyboard in Resources */,
			);
			runOnlyForDeploymentPostprocessing = 0;
		};
/* End PBXResourcesBuildPhase section */

/* Begin PBXSourcesBuildPhase section */
		AC4F3A462017AF2800965050 /* Sources */ = {
			isa = PBXSourcesBuildPhase;
			buildActionMask = 2147483647;
			files = (
				AC4F3A522017AF2800965050 /* ViewController.m in Sources */,
				2CB275BD201A550F0033BD8C /* HNUtility.m in Sources */,
				2CB275C3201A59DE0033BD8C /* HNProfileViewController.m in Sources */,
				2CB275B9201A4FBF0033BD8C /* HNBaseViewController.m in Sources */,
				AC4F3A5D2017AF2800965050 /* main.m in Sources */,
				2C694E1E201AF98E000A08C8 /* HNWebViewController.m in Sources */,
				2CB275C7201A5A080033BD8C /* HNNotificationViewController.m in Sources */,
				AC4F3A4F2017AF2800965050 /* AppDelegate.m in Sources */,
				2CB275CB201A5A410033BD8C /* HNContactUSViewController.m in Sources */,
			);
			runOnlyForDeploymentPostprocessing = 0;
		};
/* End PBXSourcesBuildPhase section */

/* Begin PBXVariantGroup section */
		AC4F3A532017AF2800965050 /* Main.storyboard */ = {
			isa = PBXVariantGroup;
			children = (
				AC4F3A542017AF2800965050 /* Base */,
			);
			name = Main.storyboard;
			sourceTree = "<group>";
		};
		AC4F3A582017AF2800965050 /* LaunchScreen.storyboard */ = {
			isa = PBXVariantGroup;
			children = (
				AC4F3A592017AF2800965050 /* Base */,
			);
			name = LaunchScreen.storyboard;
			sourceTree = "<group>";
		};
/* End PBXVariantGroup section */

/* Begin XCBuildConfiguration section */
		AC4F3A5E2017AF2800965050 /* Debug */ = {
			isa = XCBuildConfiguration;
			buildSettings = {
				ALWAYS_SEARCH_USER_PATHS = NO;
				CLANG_ANALYZER_NONNULL = YES;
				CLANG_ANALYZER_NUMBER_OBJECT_CONVERSION = YES_AGGRESSIVE;
				CLANG_CXX_LANGUAGE_STANDARD = "gnu++14";
				CLANG_CXX_LIBRARY = "libc++";
				CLANG_ENABLE_MODULES = YES;
				CLANG_ENABLE_OBJC_ARC = YES;
				CLANG_WARN_BLOCK_CAPTURE_AUTORELEASING = YES;
				CLANG_WARN_BOOL_CONVERSION = YES;
				CLANG_WARN_COMMA = YES;
				CLANG_WARN_CONSTANT_CONVERSION = YES;
				CLANG_WARN_DIRECT_OBJC_ISA_USAGE = YES_ERROR;
				CLANG_WARN_DOCUMENTATION_COMMENTS = YES;
				CLANG_WARN_EMPTY_BODY = YES;
				CLANG_WARN_ENUM_CONVERSION = YES;
				CLANG_WARN_INFINITE_RECURSION = YES;
				CLANG_WARN_INT_CONVERSION = YES;
				CLANG_WARN_NON_LITERAL_NULL_CONVERSION = YES;
				CLANG_WARN_OBJC_LITERAL_CONVERSION = YES;
				CLANG_WARN_OBJC_ROOT_CLASS = YES_ERROR;
				CLANG_WARN_RANGE_LOOP_ANALYSIS = YES;
				CLANG_WARN_STRICT_PROTOTYPES = YES;
				CLANG_WARN_SUSPICIOUS_MOVE = YES;
				CLANG_WARN_UNGUARDED_AVAILABILITY = YES_AGGRESSIVE;
				CLANG_WARN_UNREACHABLE_CODE = YES;
				CLANG_WARN__DUPLICATE_METHOD_MATCH = YES;
				CODE_SIGN_IDENTITY = "iPhone Developer";
				COPY_PHASE_STRIP = NO;
				DEBUG_INFORMATION_FORMAT = dwarf;
				ENABLE_STRICT_OBJC_MSGSEND = YES;
				ENABLE_TESTABILITY = YES;
				GCC_C_LANGUAGE_STANDARD = gnu11;
				GCC_DYNAMIC_NO_PIC = NO;
				GCC_NO_COMMON_BLOCKS = YES;
				GCC_OPTIMIZATION_LEVEL = 0;
				GCC_PREPROCESSOR_DEFINITIONS = (
					"DEBUG=1",
					"$(inherited)",
				);
				GCC_WARN_64_TO_32_BIT_CONVERSION = YES;
				GCC_WARN_ABOUT_RETURN_TYPE = YES_ERROR;
				GCC_WARN_UNDECLARED_SELECTOR = YES;
				GCC_WARN_UNINITIALIZED_AUTOS = YES_AGGRESSIVE;
				GCC_WARN_UNUSED_FUNCTION = YES;
				GCC_WARN_UNUSED_VARIABLE = YES;
				IPHONEOS_DEPLOYMENT_TARGET = 11.2;
				MTL_ENABLE_DEBUG_INFO = YES;
				ONLY_ACTIVE_ARCH = YES;
				SDKROOT = iphoneos;
			};
			name = Debug;
		};
		AC4F3A5F2017AF2800965050 /* Release */ = {
			isa = XCBuildConfiguration;
			buildSettings = {
				ALWAYS_SEARCH_USER_PATHS = NO;
				CLANG_ANALYZER_NONNULL = YES;
				CLANG_ANALYZER_NUMBER_OBJECT_CONVERSION = YES_AGGRESSIVE;
				CLANG_CXX_LANGUAGE_STANDARD = "gnu++14";
				CLANG_CXX_LIBRARY = "libc++";
				CLANG_ENABLE_MODULES = YES;
				CLANG_ENABLE_OBJC_ARC = YES;
				CLANG_WARN_BLOCK_CAPTURE_AUTORELEASING = YES;
				CLANG_WARN_BOOL_CONVERSION = YES;
				CLANG_WARN_COMMA = YES;
				CLANG_WARN_CONSTANT_CONVERSION = YES;
				CLANG_WARN_DIRECT_OBJC_ISA_USAGE = YES_ERROR;
				CLANG_WARN_DOCUMENTATION_COMMENTS = YES;
				CLANG_WARN_EMPTY_BODY = YES;
				CLANG_WARN_ENUM_CONVERSION = YES;
				CLANG_WARN_INFINITE_RECURSION = YES;
				CLANG_WARN_INT_CONVERSION = YES;
				CLANG_WARN_NON_LITERAL_NULL_CONVERSION = YES;
				CLANG_WARN_OBJC_LITERAL_CONVERSION = YES;
				CLANG_WARN_OBJC_ROOT_CLASS = YES_ERROR;
				CLANG_WARN_RANGE_LOOP_ANALYSIS = YES;
				CLANG_WARN_STRICT_PROTOTYPES = YES;
				CLANG_WARN_SUSPICIOUS_MOVE = YES;
				CLANG_WARN_UNGUARDED_AVAILABILITY = YES_AGGRESSIVE;
				CLANG_WARN_UNREACHABLE_CODE = YES;
				CLANG_WARN__DUPLICATE_METHOD_MATCH = YES;
				CODE_SIGN_IDENTITY = "iPhone Developer";
				COPY_PHASE_STRIP = NO;
				DEBUG_INFORMATION_FORMAT = "dwarf-with-dsym";
				ENABLE_NS_ASSERTIONS = NO;
				ENABLE_STRICT_OBJC_MSGSEND = YES;
				GCC_C_LANGUAGE_STANDARD = gnu11;
				GCC_NO_COMMON_BLOCKS = YES;
				GCC_WARN_64_TO_32_BIT_CONVERSION = YES;
				GCC_WARN_ABOUT_RETURN_TYPE = YES_ERROR;
				GCC_WARN_UNDECLARED_SELECTOR = YES;
				GCC_WARN_UNINITIALIZED_AUTOS = YES_AGGRESSIVE;
				GCC_WARN_UNUSED_FUNCTION = YES;
				GCC_WARN_UNUSED_VARIABLE = YES;
				IPHONEOS_DEPLOYMENT_TARGET = 11.2;
				MTL_ENABLE_DEBUG_INFO = NO;
				SDKROOT = iphoneos;
				VALIDATE_PRODUCT = YES;
			};
			name = Release;
		};
		AC4F3A612017AF2800965050 /* Debug */ = {
			isa = XCBuildConfiguration;
			buildSettings = {
				ASSETCATALOG_COMPILER_APPICON_NAME = AppIcon;
				CODE_SIGN_STYLE = Automatic;
				DEVELOPMENT_TEAM = MRH72M6F6B;
				INFOPLIST_FILE = Hanlin/Info.plist;
				IPHONEOS_DEPLOYMENT_TARGET = 9.0;
				LD_RUNPATH_SEARCH_PATHS = "$(inherited) @executable_path/Frameworks";
				PRODUCT_BUNDLE_IDENTIFIER = com.hanlin.Hanlin;
				PRODUCT_NAME = "$(TARGET_NAME)";
				TARGETED_DEVICE_FAMILY = 1;
			};
			name = Debug;
		};
		AC4F3A622017AF2800965050 /* Release */ = {
			isa = XCBuildConfiguration;
			buildSettings = {
				ASSETCATALOG_COMPILER_APPICON_NAME = AppIcon;
				CODE_SIGN_STYLE = Automatic;
				DEVELOPMENT_TEAM = MRH72M6F6B;
				INFOPLIST_FILE = Hanlin/Info.plist;
				IPHONEOS_DEPLOYMENT_TARGET = 9.0;
				LD_RUNPATH_SEARCH_PATHS = "$(inherited) @executable_path/Frameworks";
				PRODUCT_BUNDLE_IDENTIFIER = com.hanlin.Hanlin;
				PRODUCT_NAME = "$(TARGET_NAME)";
				TARGETED_DEVICE_FAMILY = 1;
			};
			name = Release;
		};
/* End XCBuildConfiguration section */

/* Begin XCConfigurationList section */
		AC4F3A452017AF2800965050 /* Build configuration list for PBXProject "Hanlin" */ = {
			isa = XCConfigurationList;
			buildConfigurations = (
				AC4F3A5E2017AF2800965050 /* Debug */,
				AC4F3A5F2017AF2800965050 /* Release */,
			);
			defaultConfigurationIsVisible = 0;
			defaultConfigurationName = Release;
		};
		AC4F3A602017AF2800965050 /* Build configuration list for PBXNativeTarget "Hanlin" */ = {
			isa = XCConfigurationList;
			buildConfigurations = (
				AC4F3A612017AF2800965050 /* Debug */,
				AC4F3A622017AF2800965050 /* Release */,
			);
			defaultConfigurationIsVisible = 0;
			defaultConfigurationName = Release;
		};
/* End XCConfigurationList section */
	};
	rootObject = AC4F3A422017AF2800965050 /* Project object */;
}
