// !$*UTF8*$!
{
	archiveVersion = 1;
	classes = {
	};
	objectVersion = 48;
	objects = {

/* Begin PBXBuildFile section */
		2CF852A1201C60A300D1F01F /* HNNotificationVC.m in Sources */ = {isa = PBXBuildFile; fileRef = 2CF852A0201C60A300D1F01F /* HNNotificationVC.m */; };
		CC46C3F9201BDCC300E6775E /* HNMenuVC.m in Sources */ = {isa = PBXBuildFile; fileRef = CC46C3F8201BDCC300E6775E /* HNMenuVC.m */; };
		CCAEC5A4201BC8CC0053A70A /* Assets.xcassets in Resources */ = {isa = PBXBuildFile; fileRef = CCAEC5A3201BC8CC0053A70A /* Assets.xcassets */; };
		CCAEC5AA201BC8CC0053A70A /* main.m in Sources */ = {isa = PBXBuildFile; fileRef = CCAEC5A9201BC8CC0053A70A /* main.m */; };
		CCAEC5D7201BC9A40053A70A /* HanlinAssets.xcassets in Resources */ = {isa = PBXBuildFile; fileRef = CCAEC5B0201BC9A40053A70A /* HanlinAssets.xcassets */; };
		CCAEC5D8201BC9A40053A70A /* HLoginVC.m in Sources */ = {isa = PBXBuildFile; fileRef = CCAEC5B3201BC9A40053A70A /* HLoginVC.m */; };
		CCAEC5D9201BC9A40053A70A /* HNContactUSVC.m in Sources */ = {isa = PBXBuildFile; fileRef = CCAEC5B5201BC9A40053A70A /* HNContactUSVC.m */; };
		CCAEC5DA201BC9A40053A70A /* HNProfileVC.m in Sources */ = {isa = PBXBuildFile; fileRef = CCAEC5B7201BC9A40053A70A /* HNProfileVC.m */; };
		CCAEC5DB201BC9A40053A70A /* HNWebVC.m in Sources */ = {isa = PBXBuildFile; fileRef = CCAEC5B9201BC9A40053A70A /* HNWebVC.m */; };
		CCAEC5DC201BC9A40053A70A /* HRegisterVC.m in Sources */ = {isa = PBXBuildFile; fileRef = CCAEC5BB201BC9A40053A70A /* HRegisterVC.m */; };
		CCAEC5DD201BC9A40053A70A /* HNUtility.m in Sources */ = {isa = PBXBuildFile; fileRef = CCAEC5C1201BC9A40053A70A /* HNUtility.m */; };
		CCAEC5DF201BC9A40053A70A /* AppDelegate.m in Sources */ = {isa = PBXBuildFile; fileRef = CCAEC5C5201BC9A40053A70A /* AppDelegate.m */; };
		CCAEC5E0201BC9A40053A70A /* Montserrat-Black.otf in Resources */ = {isa = PBXBuildFile; fileRef = CCAEC5C8201BC9A40053A70A /* Montserrat-Black.otf */; };
		CCAEC5E1201BC9A40053A70A /* Montserrat-Bold.otf in Resources */ = {isa = PBXBuildFile; fileRef = CCAEC5C9201BC9A40053A70A /* Montserrat-Bold.otf */; };
		CCAEC5E2201BC9A40053A70A /* Montserrat-ExtraBold.otf in Resources */ = {isa = PBXBuildFile; fileRef = CCAEC5CA201BC9A40053A70A /* Montserrat-ExtraBold.otf */; };
		CCAEC5E3201BC9A40053A70A /* Montserrat-Hairline.otf in Resources */ = {isa = PBXBuildFile; fileRef = CCAEC5CB201BC9A40053A70A /* Montserrat-Hairline.otf */; };
		CCAEC5E4201BC9A40053A70A /* Montserrat-Light.otf in Resources */ = {isa = PBXBuildFile; fileRef = CCAEC5CC201BC9A40053A70A /* Montserrat-Light.otf */; };
		CCAEC5E5201BC9A40053A70A /* Montserrat-Regular.otf in Resources */ = {isa = PBXBuildFile; fileRef = CCAEC5CD201BC9A40053A70A /* Montserrat-Regular.otf */; };
		CCAEC5E6201BC9A40053A70A /* Montserrat-SemiBold.otf in Resources */ = {isa = PBXBuildFile; fileRef = CCAEC5CE201BC9A40053A70A /* Montserrat-SemiBold.otf */; };
		CCAEC5E7201BC9A40053A70A /* Montserrat-UltraLight.otf in Resources */ = {isa = PBXBuildFile; fileRef = CCAEC5CF201BC9A40053A70A /* Montserrat-UltraLight.otf */; };
		CCAEC5E8201BC9A40053A70A /* LaunchScreen.storyboard in Resources */ = {isa = PBXBuildFile; fileRef = CCAEC5D1201BC9A40053A70A /* LaunchScreen.storyboard */; };
		CCAEC5E9201BC9A40053A70A /* Main.storyboard in Resources */ = {isa = PBXBuildFile; fileRef = CCAEC5D3201BC9A40053A70A /* Main.storyboard */; };
		CCAEC5EA201BC9A40053A70A /* HNRoundedImageView.m in Sources */ = {isa = PBXBuildFile; fileRef = CCAEC5D6201BC9A40053A70A /* HNRoundedImageView.m */; };
/* End PBXBuildFile section */

/* Begin PBXFileReference section */
		2CF8529F201C60A300D1F01F /* HNNotificationVC.h */ = {isa = PBXFileReference; lastKnownFileType = sourcecode.c.h; path = HNNotificationVC.h; sourceTree = "<group>"; };
		2CF852A0201C60A300D1F01F /* HNNotificationVC.m */ = {isa = PBXFileReference; lastKnownFileType = sourcecode.c.objc; path = HNNotificationVC.m; sourceTree = "<group>"; };
		CC46C3F7201BDCC300E6775E /* HNMenuVC.h */ = {isa = PBXFileReference; lastKnownFileType = sourcecode.c.h; path = HNMenuVC.h; sourceTree = "<group>"; };
		CC46C3F8201BDCC300E6775E /* HNMenuVC.m */ = {isa = PBXFileReference; lastKnownFileType = sourcecode.c.objc; path = HNMenuVC.m; sourceTree = "<group>"; };
		CCAEC597201BC8CC0053A70A /* Hanlin.app */ = {isa = PBXFileReference; explicitFileType = wrapper.application; includeInIndex = 0; path = Hanlin.app; sourceTree = BUILT_PRODUCTS_DIR; };
		CCAEC5A3201BC8CC0053A70A /* Assets.xcassets */ = {isa = PBXFileReference; lastKnownFileType = folder.assetcatalog; path = Assets.xcassets; sourceTree = "<group>"; };
		CCAEC5A8201BC8CC0053A70A /* Info.plist */ = {isa = PBXFileReference; lastKnownFileType = text.plist.xml; path = Info.plist; sourceTree = "<group>"; };
		CCAEC5A9201BC8CC0053A70A /* main.m */ = {isa = PBXFileReference; lastKnownFileType = sourcecode.c.objc; path = main.m; sourceTree = "<group>"; };
		CCAEC5B0201BC9A40053A70A /* HanlinAssets.xcassets */ = {isa = PBXFileReference; lastKnownFileType = folder.assetcatalog; path = HanlinAssets.xcassets; sourceTree = "<group>"; };
		CCAEC5B2201BC9A40053A70A /* HLoginVC.h */ = {isa = PBXFileReference; fileEncoding = 4; lastKnownFileType = sourcecode.c.h; path = HLoginVC.h; sourceTree = "<group>"; };
		CCAEC5B3201BC9A40053A70A /* HLoginVC.m */ = {isa = PBXFileReference; fileEncoding = 4; lastKnownFileType = sourcecode.c.objc; path = HLoginVC.m; sourceTree = "<group>"; };
		CCAEC5B4201BC9A40053A70A /* HNContactUSVC.h */ = {isa = PBXFileReference; fileEncoding = 4; lastKnownFileType = sourcecode.c.h; path = HNContactUSVC.h; sourceTree = "<group>"; };
		CCAEC5B5201BC9A40053A70A /* HNContactUSVC.m */ = {isa = PBXFileReference; fileEncoding = 4; lastKnownFileType = sourcecode.c.objc; path = HNContactUSVC.m; sourceTree = "<group>"; };
		CCAEC5B6201BC9A40053A70A /* HNProfileVC.h */ = {isa = PBXFileReference; fileEncoding = 4; lastKnownFileType = sourcecode.c.h; path = HNProfileVC.h; sourceTree = "<group>"; };
		CCAEC5B7201BC9A40053A70A /* HNProfileVC.m */ = {isa = PBXFileReference; fileEncoding = 4; lastKnownFileType = sourcecode.c.objc; path = HNProfileVC.m; sourceTree = "<group>"; };
		CCAEC5B8201BC9A40053A70A /* HNWebVC.h */ = {isa = PBXFileReference; fileEncoding = 4; lastKnownFileType = sourcecode.c.h; path = HNWebVC.h; sourceTree = "<group>"; };
		CCAEC5B9201BC9A40053A70A /* HNWebVC.m */ = {isa = PBXFileReference; fileEncoding = 4; lastKnownFileType = sourcecode.c.objc; path = HNWebVC.m; sourceTree = "<group>"; };
		CCAEC5BA201BC9A40053A70A /* HRegisterVC.h */ = {isa = PBXFileReference; fileEncoding = 4; lastKnownFileType = sourcecode.c.h; path = HRegisterVC.h; sourceTree = "<group>"; };
		CCAEC5BB201BC9A40053A70A /* HRegisterVC.m */ = {isa = PBXFileReference; fileEncoding = 4; lastKnownFileType = sourcecode.c.objc; path = HRegisterVC.m; sourceTree = "<group>"; };
		CCAEC5BE201BC9A40053A70A /* HNConstants.h */ = {isa = PBXFileReference; fileEncoding = 4; lastKnownFileType = sourcecode.c.h; path = HNConstants.h; sourceTree = "<group>"; };
		CCAEC5C0201BC9A40053A70A /* HNUtility.h */ = {isa = PBXFileReference; fileEncoding = 4; lastKnownFileType = sourcecode.c.h; path = HNUtility.h; sourceTree = "<group>"; };
		CCAEC5C1201BC9A40053A70A /* HNUtility.m */ = {isa = PBXFileReference; fileEncoding = 4; lastKnownFileType = sourcecode.c.objc; path = HNUtility.m; sourceTree = "<group>"; };
		CCAEC5C4201BC9A40053A70A /* AppDelegate.h */ = {isa = PBXFileReference; fileEncoding = 4; lastKnownFileType = sourcecode.c.h; path = AppDelegate.h; sourceTree = "<group>"; };
		CCAEC5C5201BC9A40053A70A /* AppDelegate.m */ = {isa = PBXFileReference; fileEncoding = 4; lastKnownFileType = sourcecode.c.objc; path = AppDelegate.m; sourceTree = "<group>"; };
		CCAEC5C8201BC9A40053A70A /* Montserrat-Black.otf */ = {isa = PBXFileReference; lastKnownFileType = file; path = "Montserrat-Black.otf"; sourceTree = "<group>"; };
		CCAEC5C9201BC9A40053A70A /* Montserrat-Bold.otf */ = {isa = PBXFileReference; lastKnownFileType = file; path = "Montserrat-Bold.otf"; sourceTree = "<group>"; };
		CCAEC5CA201BC9A40053A70A /* Montserrat-ExtraBold.otf */ = {isa = PBXFileReference; lastKnownFileType = file; path = "Montserrat-ExtraBold.otf"; sourceTree = "<group>"; };
		CCAEC5CB201BC9A40053A70A /* Montserrat-Hairline.otf */ = {isa = PBXFileReference; lastKnownFileType = file; path = "Montserrat-Hairline.otf"; sourceTree = "<group>"; };
		CCAEC5CC201BC9A40053A70A /* Montserrat-Light.otf */ = {isa = PBXFileReference; lastKnownFileType = file; path = "Montserrat-Light.otf"; sourceTree = "<group>"; };
		CCAEC5CD201BC9A40053A70A /* Montserrat-Regular.otf */ = {isa = PBXFileReference; lastKnownFileType = file; path = "Montserrat-Regular.otf"; sourceTree = "<group>"; };
		CCAEC5CE201BC9A40053A70A /* Montserrat-SemiBold.otf */ = {isa = PBXFileReference; lastKnownFileType = file; path = "Montserrat-SemiBold.otf"; sourceTree = "<group>"; };
		CCAEC5CF201BC9A40053A70A /* Montserrat-UltraLight.otf */ = {isa = PBXFileReference; lastKnownFileType = file; path = "Montserrat-UltraLight.otf"; sourceTree = "<group>"; };
		CCAEC5D2201BC9A40053A70A /* Base */ = {isa = PBXFileReference; lastKnownFileType = file.storyboard; name = Base; path = Base.lproj/LaunchScreen.storyboard; sourceTree = "<group>"; };
		CCAEC5D4201BC9A40053A70A /* Base */ = {isa = PBXFileReference; lastKnownFileType = file.storyboard; name = Base; path = Base.lproj/Main.storyboard; sourceTree = "<group>"; };
		CCAEC5D5201BC9A40053A70A /* HNRoundedImageView.h */ = {isa = PBXFileReference; fileEncoding = 4; lastKnownFileType = sourcecode.c.h; path = HNRoundedImageView.h; sourceTree = "<group>"; };
		CCAEC5D6201BC9A40053A70A /* HNRoundedImageView.m */ = {isa = PBXFileReference; fileEncoding = 4; lastKnownFileType = sourcecode.c.objc; path = HNRoundedImageView.m; sourceTree = "<group>"; };
/* End PBXFileReference section */

/* Begin PBXFrameworksBuildPhase section */
		CCAEC594201BC8CC0053A70A /* Frameworks */ = {
			isa = PBXFrameworksBuildPhase;
			buildActionMask = 2147483647;
			files = (
			);
			runOnlyForDeploymentPostprocessing = 0;
		};
/* End PBXFrameworksBuildPhase section */

/* Begin PBXGroup section */
		CCAEC58E201BC8CC0053A70A = {
			isa = PBXGroup;
			children = (
				CCAEC599201BC8CC0053A70A /* Hanlin */,
				CCAEC598201BC8CC0053A70A /* Products */,
			);
			sourceTree = "<group>";
		};
		CCAEC598201BC8CC0053A70A /* Products */ = {
			isa = PBXGroup;
			children = (
				CCAEC597201BC8CC0053A70A /* Hanlin.app */,
			);
			name = Products;
			sourceTree = "<group>";
		};
		CCAEC599201BC8CC0053A70A /* Hanlin */ = {
			isa = PBXGroup;
			children = (
				CCAEC5C3201BC9A40053A70A /* AppDelegate */,
				CCAEC5A3201BC8CC0053A70A /* Assets.xcassets */,
				CCAEC5B1201BC9A40053A70A /* Controllers */,
				CCAEC5B0201BC9A40053A70A /* HanlinAssets.xcassets */,
				CCAEC5BC201BC9A40053A70A /* Helper */,
				CCAEC5C6201BC9A40053A70A /* Resources */,
				CCAEC5D0201BC9A40053A70A /* View */,
				CCAEC5A8201BC8CC0053A70A /* Info.plist */,
				CCAEC5A9201BC8CC0053A70A /* main.m */,
			);
			path = Hanlin;
			sourceTree = "<group>";
		};
		CCAEC5B1201BC9A40053A70A /* Controllers */ = {
			isa = PBXGroup;
			children = (
				CCAEC5B2201BC9A40053A70A /* HLoginVC.h */,
				CCAEC5B3201BC9A40053A70A /* HLoginVC.m */,
				CCAEC5B4201BC9A40053A70A /* HNContactUSVC.h */,
				CCAEC5B5201BC9A40053A70A /* HNContactUSVC.m */,
				CCAEC5B6201BC9A40053A70A /* HNProfileVC.h */,
				CCAEC5B7201BC9A40053A70A /* HNProfileVC.m */,
				CCAEC5B8201BC9A40053A70A /* HNWebVC.h */,
				CCAEC5B9201BC9A40053A70A /* HNWebVC.m */,
				CCAEC5BA201BC9A40053A70A /* HRegisterVC.h */,
				CCAEC5BB201BC9A40053A70A /* HRegisterVC.m */,
				CC46C3F7201BDCC300E6775E /* HNMenuVC.h */,
				CC46C3F8201BDCC300E6775E /* HNMenuVC.m */,
				2CF8529F201C60A300D1F01F /* HNNotificationVC.h */,
				2CF852A0201C60A300D1F01F /* HNNotificationVC.m */,
			);
			path = Controllers;
			sourceTree = "<group>";
		};
		CCAEC5BC201BC9A40053A70A /* Helper */ = {
			isa = PBXGroup;
			children = (
				CCAEC5BD201BC9A40053A70A /* HNConstants */,
				CCAEC5BF201BC9A40053A70A /* HNUtility */,
			);
			path = Helper;
			sourceTree = "<group>";
		};
		CCAEC5BD201BC9A40053A70A /* HNConstants */ = {
			isa = PBXGroup;
			children = (
				CCAEC5BE201BC9A40053A70A /* HNConstants.h */,
			);
			path = HNConstants;
			sourceTree = "<group>";
		};
		CCAEC5BF201BC9A40053A70A /* HNUtility */ = {
			isa = PBXGroup;
			children = (
				CCAEC5C0201BC9A40053A70A /* HNUtility.h */,
				CCAEC5C1201BC9A40053A70A /* HNUtility.m */,
			);
			path = HNUtility;
			sourceTree = "<group>";
		};
		CCAEC5C3201BC9A40053A70A /* AppDelegate */ = {
			isa = PBXGroup;
			children = (
				CCAEC5C4201BC9A40053A70A /* AppDelegate.h */,
				CCAEC5C5201BC9A40053A70A /* AppDelegate.m */,
			);
			path = AppDelegate;
			sourceTree = "<group>";
		};
		CCAEC5C6201BC9A40053A70A /* Resources */ = {
			isa = PBXGroup;
			children = (
				CCAEC5C7201BC9A40053A70A /* Font */,
			);
			path = Resources;
			sourceTree = "<group>";
		};
		CCAEC5C7201BC9A40053A70A /* Font */ = {
			isa = PBXGroup;
			children = (
				CCAEC5C8201BC9A40053A70A /* Montserrat-Black.otf */,
				CCAEC5C9201BC9A40053A70A /* Montserrat-Bold.otf */,
				CCAEC5CA201BC9A40053A70A /* Montserrat-ExtraBold.otf */,
				CCAEC5CB201BC9A40053A70A /* Montserrat-Hairline.otf */,
				CCAEC5CC201BC9A40053A70A /* Montserrat-Light.otf */,
				CCAEC5CD201BC9A40053A70A /* Montserrat-Regular.otf */,
				CCAEC5CE201BC9A40053A70A /* Montserrat-SemiBold.otf */,
				CCAEC5CF201BC9A40053A70A /* Montserrat-UltraLight.otf */,
			);
			path = Font;
			sourceTree = "<group>";
		};
		CCAEC5D0201BC9A40053A70A /* View */ = {
			isa = PBXGroup;
			children = (
				CCAEC5D1201BC9A40053A70A /* LaunchScreen.storyboard */,
				CCAEC5D3201BC9A40053A70A /* Main.storyboard */,
				CCAEC5D5201BC9A40053A70A /* HNRoundedImageView.h */,
				CCAEC5D6201BC9A40053A70A /* HNRoundedImageView.m */,
			);
			path = View;
			sourceTree = "<group>";
		};
/* End PBXGroup section */

/* Begin PBXNativeTarget section */
		CCAEC596201BC8CC0053A70A /* Hanlin */ = {
			isa = PBXNativeTarget;
			buildConfigurationList = CCAEC5AD201BC8CC0053A70A /* Build configuration list for PBXNativeTarget "Hanlin" */;
			buildPhases = (
				CCAEC593201BC8CC0053A70A /* Sources */,
				CCAEC594201BC8CC0053A70A /* Frameworks */,
				CCAEC595201BC8CC0053A70A /* Resources */,
			);
			buildRules = (
			);
			dependencies = (
			);
			name = Hanlin;
			productName = Hanlin;
			productReference = CCAEC597201BC8CC0053A70A /* Hanlin.app */;
			productType = "com.apple.product-type.application";
		};
/* End PBXNativeTarget section */

/* Begin PBXProject section */
		CCAEC58F201BC8CC0053A70A /* Project object */ = {
			isa = PBXProject;
			attributes = {
				LastUpgradeCheck = 0920;
				ORGANIZATIONNAME = "BALACHANDRAN K";
				TargetAttributes = {
					CCAEC596201BC8CC0053A70A = {
						CreatedOnToolsVersion = 9.2;
						ProvisioningStyle = Automatic;
					};
				};
			};
			buildConfigurationList = CCAEC592201BC8CC0053A70A /* Build configuration list for PBXProject "Hanlin" */;
			compatibilityVersion = "Xcode 8.0";
			developmentRegion = en;
			hasScannedForEncodings = 0;
			knownRegions = (
				en,
				Base,
			);
			mainGroup = CCAEC58E201BC8CC0053A70A;
			productRefGroup = CCAEC598201BC8CC0053A70A /* Products */;
			projectDirPath = "";
			projectRoot = "";
			targets = (
				CCAEC596201BC8CC0053A70A /* Hanlin */,
			);
		};
/* End PBXProject section */

/* Begin PBXResourcesBuildPhase section */
		CCAEC595201BC8CC0053A70A /* Resources */ = {
			isa = PBXResourcesBuildPhase;
			buildActionMask = 2147483647;
			files = (
				CCAEC5E2201BC9A40053A70A /* Montserrat-ExtraBold.otf in Resources */,
				CCAEC5E7201BC9A40053A70A /* Montserrat-UltraLight.otf in Resources */,
				CCAEC5E1201BC9A40053A70A /* Montserrat-Bold.otf in Resources */,
				CCAEC5E3201BC9A40053A70A /* Montserrat-Hairline.otf in Resources */,
				CCAEC5E0201BC9A40053A70A /* Montserrat-Black.otf in Resources */,
				CCAEC5D7201BC9A40053A70A /* HanlinAssets.xcassets in Resources */,
				CCAEC5E9201BC9A40053A70A /* Main.storyboard in Resources */,
				CCAEC5A4201BC8CC0053A70A /* Assets.xcassets in Resources */,
				CCAEC5E4201BC9A40053A70A /* Montserrat-Light.otf in Resources */,
				CCAEC5E8201BC9A40053A70A /* LaunchScreen.storyboard in Resources */,
				CCAEC5E5201BC9A40053A70A /* Montserrat-Regular.otf in Resources */,
				CCAEC5E6201BC9A40053A70A /* Montserrat-SemiBold.otf in Resources */,
			);
			runOnlyForDeploymentPostprocessing = 0;
		};
/* End PBXResourcesBuildPhase section */

/* Begin PBXSourcesBuildPhase section */
		CCAEC593201BC8CC0053A70A /* Sources */ = {
			isa = PBXSourcesBuildPhase;
			buildActionMask = 2147483647;
			files = (
				CCAEC5DB201BC9A40053A70A /* HNWebVC.m in Sources */,
				CCAEC5DA201BC9A40053A70A /* HNProfileVC.m in Sources */,
				CCAEC5EA201BC9A40053A70A /* HNRoundedImageView.m in Sources */,
				CCAEC5DD201BC9A40053A70A /* HNUtility.m in Sources */,
				CCAEC5DC201BC9A40053A70A /* HRegisterVC.m in Sources */,
				CCAEC5DF201BC9A40053A70A /* AppDelegate.m in Sources */,
				CCAEC5D9201BC9A40053A70A /* HNContactUSVC.m in Sources */,
				CCAEC5AA201BC8CC0053A70A /* main.m in Sources */,
				CCAEC5D8201BC9A40053A70A /* HLoginVC.m in Sources */,
				2CF852A1201C60A300D1F01F /* HNNotificationVC.m in Sources */,
				CC46C3F9201BDCC300E6775E /* HNMenuVC.m in Sources */,
			);
			runOnlyForDeploymentPostprocessing = 0;
		};
/* End PBXSourcesBuildPhase section */

/* Begin PBXVariantGroup section */
		CCAEC5D1201BC9A40053A70A /* LaunchScreen.storyboard */ = {
			isa = PBXVariantGroup;
			children = (
				CCAEC5D2201BC9A40053A70A /* Base */,
			);
			name = LaunchScreen.storyboard;
			sourceTree = "<group>";
		};
		CCAEC5D3201BC9A40053A70A /* Main.storyboard */ = {
			isa = PBXVariantGroup;
			children = (
				CCAEC5D4201BC9A40053A70A /* Base */,
			);
			name = Main.storyboard;
			sourceTree = "<group>";
		};
/* End PBXVariantGroup section */

/* Begin XCBuildConfiguration section */
		CCAEC5AB201BC8CC0053A70A /* Debug */ = {
			isa = XCBuildConfiguration;
			buildSettings = {
				ALWAYS_SEARCH_USER_PATHS = NO;
				CLANG_ANALYZER_NONNULL = YES;
				CLANG_ANALYZER_NUMBER_OBJECT_CONVERSION = YES_AGGRESSIVE;
				CLANG_CXX_LANGUAGE_STANDARD = "gnu++14";
				CLANG_CXX_LIBRARY = "libc++";
				CLANG_ENABLE_MODULES = YES;
				CLANG_ENABLE_OBJC_ARC = YES;
				CLANG_WARN_BLOCK_CAPTURE_AUTORELEASING = YES;
				CLANG_WARN_BOOL_CONVERSION = YES;
				CLANG_WARN_COMMA = YES;
				CLANG_WARN_CONSTANT_CONVERSION = YES;
				CLANG_WARN_DIRECT_OBJC_ISA_USAGE = YES_ERROR;
				CLANG_WARN_DOCUMENTATION_COMMENTS = YES;
				CLANG_WARN_EMPTY_BODY = YES;
				CLANG_WARN_ENUM_CONVERSION = YES;
				CLANG_WARN_INFINITE_RECURSION = YES;
				CLANG_WARN_INT_CONVERSION = YES;
				CLANG_WARN_NON_LITERAL_NULL_CONVERSION = YES;
				CLANG_WARN_OBJC_LITERAL_CONVERSION = YES;
				CLANG_WARN_OBJC_ROOT_CLASS = YES_ERROR;
				CLANG_WARN_RANGE_LOOP_ANALYSIS = YES;
				CLANG_WARN_STRICT_PROTOTYPES = YES;
				CLANG_WARN_SUSPICIOUS_MOVE = YES;
				CLANG_WARN_UNGUARDED_AVAILABILITY = YES_AGGRESSIVE;
				CLANG_WARN_UNREACHABLE_CODE = YES;
				CLANG_WARN__DUPLICATE_METHOD_MATCH = YES;
				CODE_SIGN_IDENTITY = "iPhone Developer";
				COPY_PHASE_STRIP = NO;
				DEBUG_INFORMATION_FORMAT = dwarf;
				ENABLE_STRICT_OBJC_MSGSEND = YES;
				ENABLE_TESTABILITY = YES;
				GCC_C_LANGUAGE_STANDARD = gnu11;
				GCC_DYNAMIC_NO_PIC = NO;
				GCC_NO_COMMON_BLOCKS = YES;
				GCC_OPTIMIZATION_LEVEL = 0;
				GCC_PREPROCESSOR_DEFINITIONS = (
					"DEBUG=1",
					"$(inherited)",
				);
				GCC_WARN_64_TO_32_BIT_CONVERSION = YES;
				GCC_WARN_ABOUT_RETURN_TYPE = YES_ERROR;
				GCC_WARN_UNDECLARED_SELECTOR = YES;
				GCC_WARN_UNINITIALIZED_AUTOS = YES_AGGRESSIVE;
				GCC_WARN_UNUSED_FUNCTION = YES;
				GCC_WARN_UNUSED_VARIABLE = YES;
				IPHONEOS_DEPLOYMENT_TARGET = 8.0;
				MTL_ENABLE_DEBUG_INFO = YES;
				ONLY_ACTIVE_ARCH = YES;
				SDKROOT = iphoneos;
			};
			name = Debug;
		};
		CCAEC5AC201BC8CC0053A70A /* Release */ = {
			isa = XCBuildConfiguration;
			buildSettings = {
				ALWAYS_SEARCH_USER_PATHS = NO;
				CLANG_ANALYZER_NONNULL = YES;
				CLANG_ANALYZER_NUMBER_OBJECT_CONVERSION = YES_AGGRESSIVE;
				CLANG_CXX_LANGUAGE_STANDARD = "gnu++14";
				CLANG_CXX_LIBRARY = "libc++";
				CLANG_ENABLE_MODULES = YES;
				CLANG_ENABLE_OBJC_ARC = YES;
				CLANG_WARN_BLOCK_CAPTURE_AUTORELEASING = YES;
				CLANG_WARN_BOOL_CONVERSION = YES;
				CLANG_WARN_COMMA = YES;
				CLANG_WARN_CONSTANT_CONVERSION = YES;
				CLANG_WARN_DIRECT_OBJC_ISA_USAGE = YES_ERROR;
				CLANG_WARN_DOCUMENTATION_COMMENTS = YES;
				CLANG_WARN_EMPTY_BODY = YES;
				CLANG_WARN_ENUM_CONVERSION = YES;
				CLANG_WARN_INFINITE_RECURSION = YES;
				CLANG_WARN_INT_CONVERSION = YES;
				CLANG_WARN_NON_LITERAL_NULL_CONVERSION = YES;
				CLANG_WARN_OBJC_LITERAL_CONVERSION = YES;
				CLANG_WARN_OBJC_ROOT_CLASS = YES_ERROR;
				CLANG_WARN_RANGE_LOOP_ANALYSIS = YES;
				CLANG_WARN_STRICT_PROTOTYPES = YES;
				CLANG_WARN_SUSPICIOUS_MOVE = YES;
				CLANG_WARN_UNGUARDED_AVAILABILITY = YES_AGGRESSIVE;
				CLANG_WARN_UNREACHABLE_CODE = YES;
				CLANG_WARN__DUPLICATE_METHOD_MATCH = YES;
				CODE_SIGN_IDENTITY = "iPhone Developer";
				COPY_PHASE_STRIP = NO;
				DEBUG_INFORMATION_FORMAT = "dwarf-with-dsym";
				ENABLE_NS_ASSERTIONS = NO;
				ENABLE_STRICT_OBJC_MSGSEND = YES;
				GCC_C_LANGUAGE_STANDARD = gnu11;
				GCC_NO_COMMON_BLOCKS = YES;
				GCC_WARN_64_TO_32_BIT_CONVERSION = YES;
				GCC_WARN_ABOUT_RETURN_TYPE = YES_ERROR;
				GCC_WARN_UNDECLARED_SELECTOR = YES;
				GCC_WARN_UNINITIALIZED_AUTOS = YES_AGGRESSIVE;
				GCC_WARN_UNUSED_FUNCTION = YES;
				GCC_WARN_UNUSED_VARIABLE = YES;
				IPHONEOS_DEPLOYMENT_TARGET = 8.0;
				MTL_ENABLE_DEBUG_INFO = NO;
				SDKROOT = iphoneos;
				VALIDATE_PRODUCT = YES;
			};
			name = Release;
		};
		CCAEC5AE201BC8CC0053A70A /* Debug */ = {
			isa = XCBuildConfiguration;
			buildSettings = {
				ASSETCATALOG_COMPILER_APPICON_NAME = AppIcon;
				CODE_SIGN_STYLE = Automatic;
				DEVELOPMENT_TEAM = MRH72M6F6B;
				INFOPLIST_FILE = Hanlin/Info.plist;
				IPHONEOS_DEPLOYMENT_TARGET = 8.0;
				LD_RUNPATH_SEARCH_PATHS = "$(inherited) @executable_path/Frameworks";
				PRODUCT_BUNDLE_IDENTIFIER = com.hanlin.Hanlin;
				PRODUCT_NAME = "$(TARGET_NAME)";
				TARGETED_DEVICE_FAMILY = "1,2";
			};
			name = Debug;
		};
		CCAEC5AF201BC8CC0053A70A /* Release */ = {
			isa = XCBuildConfiguration;
			buildSettings = {
				ASSETCATALOG_COMPILER_APPICON_NAME = AppIcon;
				CODE_SIGN_STYLE = Automatic;
				DEVELOPMENT_TEAM = MRH72M6F6B;
				INFOPLIST_FILE = Hanlin/Info.plist;
				IPHONEOS_DEPLOYMENT_TARGET = 8.0;
				LD_RUNPATH_SEARCH_PATHS = "$(inherited) @executable_path/Frameworks";
				PRODUCT_BUNDLE_IDENTIFIER = com.hanlin.Hanlin;
				PRODUCT_NAME = "$(TARGET_NAME)";
				TARGETED_DEVICE_FAMILY = "1,2";
			};
			name = Release;
		};
/* End XCBuildConfiguration section */

/* Begin XCConfigurationList section */
		CCAEC592201BC8CC0053A70A /* Build configuration list for PBXProject "Hanlin" */ = {
			isa = XCConfigurationList;
			buildConfigurations = (
				CCAEC5AB201BC8CC0053A70A /* Debug */,
				CCAEC5AC201BC8CC0053A70A /* Release */,
			);
			defaultConfigurationIsVisible = 0;
			defaultConfigurationName = Release;
		};
		CCAEC5AD201BC8CC0053A70A /* Build configuration list for PBXNativeTarget "Hanlin" */ = {
			isa = XCConfigurationList;
			buildConfigurations = (
				CCAEC5AE201BC8CC0053A70A /* Debug */,
				CCAEC5AF201BC8CC0053A70A /* Release */,
			);
			defaultConfigurationIsVisible = 0;
			defaultConfigurationName = Release;
		};
/* End XCConfigurationList section */
	};
	rootObject = CCAEC58F201BC8CC0053A70A /* Project object */;
}
